// !$*UTF8*$!
{
	archiveVersion = 1;
	classes = {
	};
	objectVersion = 46;
	objects = {

/* Begin PBXBuildFile section */
		18360B8F1DBA24C500CE2105 /* PDFViewController.swift in Sources */ = {isa = PBXBuildFile; fileRef = 18360B8E1DBA24C500CE2105 /* PDFViewController.swift */; };
		18360B9A1DBA2ABE00CE2105 /* HelpPlanetEarth.pdf in Resources */ = {isa = PBXBuildFile; fileRef = 18360B951DBA2ABE00CE2105 /* HelpPlanetEarth.pdf */; };
		18360B9B1DBA2ABE00CE2105 /* National Geographic Kids.pdf in Resources */ = {isa = PBXBuildFile; fileRef = 18360B961DBA2ABE00CE2105 /* National Geographic Kids.pdf */; };
		18360B9C1DBA2ABE00CE2105 /* OurSolarSystem2.pdf in Resources */ = {isa = PBXBuildFile; fileRef = 18360B971DBA2ABE00CE2105 /* OurSolarSystem2.pdf */; };
		18360B9D1DBA2ABE00CE2105 /* TheNaturalChoice.pdf in Resources */ = {isa = PBXBuildFile; fileRef = 18360B981DBA2ABE00CE2105 /* TheNaturalChoice.pdf */; };
		18360B9E1DBA2ABE00CE2105 /* ThreatsReport.pdf in Resources */ = {isa = PBXBuildFile; fileRef = 18360B991DBA2ABE00CE2105 /* ThreatsReport.pdf */; };
		186159C11D953B3F001E64E3 /* AppDelegate.swift in Sources */ = {isa = PBXBuildFile; fileRef = 186159C01D953B3F001E64E3 /* AppDelegate.swift */; };
		186159C61D953B3F001E64E3 /* Main.storyboard in Resources */ = {isa = PBXBuildFile; fileRef = 186159C41D953B3F001E64E3 /* Main.storyboard */; };
		186159C81D953B3F001E64E3 /* Assets.xcassets in Resources */ = {isa = PBXBuildFile; fileRef = 186159C71D953B3F001E64E3 /* Assets.xcassets */; };
		186159CB1D953B3F001E64E3 /* LaunchScreen.storyboard in Resources */ = {isa = PBXBuildFile; fileRef = 186159C91D953B3F001E64E3 /* LaunchScreen.storyboard */; };
		186159D51D954693001E64E3 /* PDFPageViewController.swift in Sources */ = {isa = PBXBuildFile; fileRef = 186159D41D954693001E64E3 /* PDFPageViewController.swift */; };
		18B5AF4C1E10EDC300571480 /* pdf-logo@3x.png in Resources */ = {isa = PBXBuildFile; fileRef = 18B5AF4B1E10EDC300571480 /* pdf-logo@3x.png */; };
		18E5690D1DB8F03F00D58314 /* PDFListViewController.swift in Sources */ = {isa = PBXBuildFile; fileRef = 18E5690C1DB8F03F00D58314 /* PDFListViewController.swift */; };
/* End PBXBuildFile section */

/* Begin PBXFileReference section */
		18360B8E1DBA24C500CE2105 /* PDFViewController.swift */ = {isa = PBXFileReference; fileEncoding = 4; lastKnownFileType = sourcecode.swift; path = PDFViewController.swift; sourceTree = "<group>"; };
		18360B951DBA2ABE00CE2105 /* HelpPlanetEarth.pdf */ = {isa = PBXFileReference; lastKnownFileType = image.pdf; path = HelpPlanetEarth.pdf; sourceTree = "<group>"; };
		18360B961DBA2ABE00CE2105 /* National Geographic Kids.pdf */ = {isa = PBXFileReference; lastKnownFileType = image.pdf; path = "National Geographic Kids.pdf"; sourceTree = "<group>"; };
		18360B971DBA2ABE00CE2105 /* OurSolarSystem2.pdf */ = {isa = PBXFileReference; lastKnownFileType = image.pdf; path = OurSolarSystem2.pdf; sourceTree = "<group>"; };
		18360B981DBA2ABE00CE2105 /* TheNaturalChoice.pdf */ = {isa = PBXFileReference; lastKnownFileType = image.pdf; path = TheNaturalChoice.pdf; sourceTree = "<group>"; };
		18360B991DBA2ABE00CE2105 /* ThreatsReport.pdf */ = {isa = PBXFileReference; lastKnownFileType = image.pdf; path = ThreatsReport.pdf; sourceTree = "<group>"; };
		186159BD1D953B3F001E64E3 /* PDF Reader.app */ = {isa = PBXFileReference; explicitFileType = wrapper.application; includeInIndex = 0; path = "PDF Reader.app"; sourceTree = BUILT_PRODUCTS_DIR; };
		186159C01D953B3F001E64E3 /* AppDelegate.swift */ = {isa = PBXFileReference; lastKnownFileType = sourcecode.swift; path = AppDelegate.swift; sourceTree = "<group>"; };
		186159C51D953B3F001E64E3 /* Base */ = {isa = PBXFileReference; lastKnownFileType = file.storyboard; name = Base; path = Base.lproj/Main.storyboard; sourceTree = "<group>"; };
		186159C71D953B3F001E64E3 /* Assets.xcassets */ = {isa = PBXFileReference; lastKnownFileType = folder.assetcatalog; path = Assets.xcassets; sourceTree = "<group>"; };
		186159CA1D953B3F001E64E3 /* Base */ = {isa = PBXFileReference; lastKnownFileType = file.storyboard; name = Base; path = Base.lproj/LaunchScreen.storyboard; sourceTree = "<group>"; };
		186159CC1D953B3F001E64E3 /* Info.plist */ = {isa = PBXFileReference; lastKnownFileType = text.plist.xml; path = Info.plist; sourceTree = "<group>"; };
		186159D41D954693001E64E3 /* PDFPageViewController.swift */ = {isa = PBXFileReference; fileEncoding = 4; lastKnownFileType = sourcecode.swift; path = PDFPageViewController.swift; sourceTree = "<group>"; };
		18B5AF4B1E10EDC300571480 /* pdf-logo@3x.png */ = {isa = PBXFileReference; lastKnownFileType = image.png; path = "pdf-logo@3x.png"; sourceTree = "<group>"; };
		18E5690C1DB8F03F00D58314 /* PDFListViewController.swift */ = {isa = PBXFileReference; fileEncoding = 4; lastKnownFileType = sourcecode.swift; path = PDFListViewController.swift; sourceTree = "<group>"; };
/* End PBXFileReference section */

/* Begin PBXFrameworksBuildPhase section */
		186159BA1D953B3F001E64E3 /* Frameworks */ = {
			isa = PBXFrameworksBuildPhase;
			buildActionMask = 2147483647;
			files = (
			);
			runOnlyForDeploymentPostprocessing = 0;
		};
/* End PBXFrameworksBuildPhase section */

/* Begin PBXGroup section */
		18360B941DBA2ABE00CE2105 /* PDF */ = {
			isa = PBXGroup;
			children = (
				18360B951DBA2ABE00CE2105 /* HelpPlanetEarth.pdf */,
				18360B961DBA2ABE00CE2105 /* National Geographic Kids.pdf */,
				18360B971DBA2ABE00CE2105 /* OurSolarSystem2.pdf */,
				18360B981DBA2ABE00CE2105 /* TheNaturalChoice.pdf */,
				18360B991DBA2ABE00CE2105 /* ThreatsReport.pdf */,
			);
			path = PDF;
			sourceTree = "<group>";
		};
		186159B41D953B3F001E64E3 = {
			isa = PBXGroup;
			children = (
				186159BF1D953B3F001E64E3 /* PDF Reader */,
				186159BE1D953B3F001E64E3 /* Products */,
			);
			sourceTree = "<group>";
		};
		186159BE1D953B3F001E64E3 /* Products */ = {
			isa = PBXGroup;
			children = (
				186159BD1D953B3F001E64E3 /* PDF Reader.app */,
			);
			name = Products;
			sourceTree = "<group>";
		};
		186159BF1D953B3F001E64E3 /* PDF Reader */ = {
			isa = PBXGroup;
			children = (
				18360B941DBA2ABE00CE2105 /* PDF */,
				18B5AF4B1E10EDC300571480 /* pdf-logo@3x.png */,
				186159C01D953B3F001E64E3 /* AppDelegate.swift */,
				186159C41D953B3F001E64E3 /* Main.storyboard */,
				186159C71D953B3F001E64E3 /* Assets.xcassets */,
				186159C91D953B3F001E64E3 /* LaunchScreen.storyboard */,
				186159CC1D953B3F001E64E3 /* Info.plist */,
				18E5690C1DB8F03F00D58314 /* PDFListViewController.swift */,
				18360B8E1DBA24C500CE2105 /* PDFViewController.swift */,
				186159D41D954693001E64E3 /* PDFPageViewController.swift */,
			);
			path = "PDF Reader";
			sourceTree = "<group>";
		};
/* End PBXGroup section */

/* Begin PBXNativeTarget section */
		186159BC1D953B3F001E64E3 /* PDF Reader */ = {
			isa = PBXNativeTarget;
			buildConfigurationList = 186159CF1D953B3F001E64E3 /* Build configuration list for PBXNativeTarget "PDF Reader" */;
			buildPhases = (
				186159B91D953B3F001E64E3 /* Sources */,
				186159BA1D953B3F001E64E3 /* Frameworks */,
				186159BB1D953B3F001E64E3 /* Resources */,
			);
			buildRules = (
			);
			dependencies = (
			);
			name = "PDF Reader";
			productName = "PDF Reader";
			productReference = 186159BD1D953B3F001E64E3 /* PDF Reader.app */;
			productType = "com.apple.product-type.application";
		};
/* End PBXNativeTarget section */

/* Begin PBXProject section */
		186159B51D953B3F001E64E3 /* Project object */ = {
			isa = PBXProject;
			attributes = {
				LastSwiftUpdateCheck = 0800;
				LastUpgradeCheck = 0800;
				ORGANIZATIONNAME = ILearniOS;
				TargetAttributes = {
					186159BC1D953B3F001E64E3 = {
						CreatedOnToolsVersion = 8.0;
						DevelopmentTeam = 2B38LY5NSL;
						ProvisioningStyle = Automatic;
					};
				};
			};
			buildConfigurationList = 186159B81D953B3F001E64E3 /* Build configuration list for PBXProject "PDF Reader" */;
			compatibilityVersion = "Xcode 3.2";
			developmentRegion = English;
			hasScannedForEncodings = 0;
			knownRegions = (
				en,
				Base,
			);
			mainGroup = 186159B41D953B3F001E64E3;
			productRefGroup = 186159BE1D953B3F001E64E3 /* Products */;
			projectDirPath = "";
			projectRoot = "";
			targets = (
				186159BC1D953B3F001E64E3 /* PDF Reader */,
			);
		};
/* End PBXProject section */

/* Begin PBXResourcesBuildPhase section */
		186159BB1D953B3F001E64E3 /* Resources */ = {
			isa = PBXResourcesBuildPhase;
			buildActionMask = 2147483647;
			files = (
				18360B9B1DBA2ABE00CE2105 /* National Geographic Kids.pdf in Resources */,
				18360B9A1DBA2ABE00CE2105 /* HelpPlanetEarth.pdf in Resources */,
				186159CB1D953B3F001E64E3 /* LaunchScreen.storyboard in Resources */,
				18360B9E1DBA2ABE00CE2105 /* ThreatsReport.pdf in Resources */,
				18B5AF4C1E10EDC300571480 /* pdf-logo@3x.png in Resources */,
				186159C81D953B3F001E64E3 /* Assets.xcassets in Resources */,
				186159C61D953B3F001E64E3 /* Main.storyboard in Resources */,
				18360B9C1DBA2ABE00CE2105 /* OurSolarSystem2.pdf in Resources */,
				18360B9D1DBA2ABE00CE2105 /* TheNaturalChoice.pdf in Resources */,
			);
			runOnlyForDeploymentPostprocessing = 0;
		};
/* End PBXResourcesBuildPhase section */

/* Begin PBXSourcesBuildPhase section */
		186159B91D953B3F001E64E3 /* Sources */ = {
			isa = PBXSourcesBuildPhase;
			buildActionMask = 2147483647;
			files = (
				186159D51D954693001E64E3 /* PDFPageViewController.swift in Sources */,
				18E5690D1DB8F03F00D58314 /* PDFListViewController.swift in Sources */,
				186159C11D953B3F001E64E3 /* AppDelegate.swift in Sources */,
				18360B8F1DBA24C500CE2105 /* PDFViewController.swift in Sources */,
			);
			runOnlyForDeploymentPostprocessing = 0;
		};
/* End PBXSourcesBuildPhase section */

/* Begin PBXVariantGroup section */
		186159C41D953B3F001E64E3 /* Main.storyboard */ = {
			isa = PBXVariantGroup;
			children = (
				186159C51D953B3F001E64E3 /* Base */,
			);
			name = Main.storyboard;
			sourceTree = "<group>";
		};
		186159C91D953B3F001E64E3 /* LaunchScreen.storyboard */ = {
			isa = PBXVariantGroup;
			children = (
				186159CA1D953B3F001E64E3 /* Base */,
			);
			name = LaunchScreen.storyboard;
			sourceTree = "<group>";
		};
/* End PBXVariantGroup section */

/* Begin XCBuildConfiguration section */
		186159CD1D953B3F001E64E3 /* Debug */ = {
			isa = XCBuildConfiguration;
			buildSettings = {
				ALWAYS_SEARCH_USER_PATHS = NO;
				CLANG_ANALYZER_NONNULL = YES;
				CLANG_CXX_LANGUAGE_STANDARD = "gnu++0x";
				CLANG_CXX_LIBRARY = "libc++";
				CLANG_ENABLE_MODULES = YES;
				CLANG_ENABLE_OBJC_ARC = YES;
				CLANG_WARN_BOOL_CONVERSION = YES;
				CLANG_WARN_CONSTANT_CONVERSION = YES;
				CLANG_WARN_DIRECT_OBJC_ISA_USAGE = YES_ERROR;
				CLANG_WARN_DOCUMENTATION_COMMENTS = YES;
				CLANG_WARN_EMPTY_BODY = YES;
				CLANG_WARN_ENUM_CONVERSION = YES;
				CLANG_WARN_INFINITE_RECURSION = YES;
				CLANG_WARN_INT_CONVERSION = YES;
				CLANG_WARN_OBJC_ROOT_CLASS = YES_ERROR;
				CLANG_WARN_SUSPICIOUS_MOVES = YES;
				CLANG_WARN_UNREACHABLE_CODE = YES;
				CLANG_WARN__DUPLICATE_METHOD_MATCH = YES;
				"CODE_SIGN_IDENTITY[sdk=iphoneos*]" = "iPhone Developer";
				COPY_PHASE_STRIP = NO;
				DEBUG_INFORMATION_FORMAT = dwarf;
				ENABLE_STRICT_OBJC_MSGSEND = YES;
				ENABLE_TESTABILITY = YES;
				GCC_C_LANGUAGE_STANDARD = gnu99;
				GCC_DYNAMIC_NO_PIC = NO;
				GCC_NO_COMMON_BLOCKS = YES;
				GCC_OPTIMIZATION_LEVEL = 0;
				GCC_PREPROCESSOR_DEFINITIONS = (
					"DEBUG=1",
					"$(inherited)",
				);
				GCC_WARN_64_TO_32_BIT_CONVERSION = YES;
				GCC_WARN_ABOUT_RETURN_TYPE = YES_ERROR;
				GCC_WARN_UNDECLARED_SELECTOR = YES;
				GCC_WARN_UNINITIALIZED_AUTOS = YES_AGGRESSIVE;
				GCC_WARN_UNUSED_FUNCTION = YES;
				GCC_WARN_UNUSED_VARIABLE = YES;
				IPHONEOS_DEPLOYMENT_TARGET = 10.0;
				MTL_ENABLE_DEBUG_INFO = YES;
				ONLY_ACTIVE_ARCH = YES;
				SDKROOT = iphoneos;
				SWIFT_ACTIVE_COMPILATION_CONDITIONS = DEBUG;
				SWIFT_OPTIMIZATION_LEVEL = "-Onone";
				TARGETED_DEVICE_FAMILY = "1,2";
			};
			name = Debug;
		};
		186159CE1D953B3F001E64E3 /* Release */ = {
			isa = XCBuildConfiguration;
			buildSettings = {
				ALWAYS_SEARCH_USER_PATHS = NO;
				CLANG_ANALYZER_NONNULL = YES;
				CLANG_CXX_LANGUAGE_STANDARD = "gnu++0x";
				CLANG_CXX_LIBRARY = "libc++";
				CLANG_ENABLE_MODULES = YES;
				CLANG_ENABLE_OBJC_ARC = YES;
				CLANG_WARN_BOOL_CONVERSION = YES;
				CLANG_WARN_CONSTANT_CONVERSION = YES;
				CLANG_WARN_DIRECT_OBJC_ISA_USAGE = YES_ERROR;
				CLANG_WARN_DOCUMENTATION_COMMENTS = YES;
				CLANG_WARN_EMPTY_BODY = YES;
				CLANG_WARN_ENUM_CONVERSION = YES;
				CLANG_WARN_INFINITE_RECURSION = YES;
				CLANG_WARN_INT_CONVERSION = YES;
				CLANG_WARN_OBJC_ROOT_CLASS = YES_ERROR;
				CLANG_WARN_SUSPICIOUS_MOVES = YES;
				CLANG_WARN_UNREACHABLE_CODE = YES;
				CLANG_WARN__DUPLICATE_METHOD_MATCH = YES;
				"CODE_SIGN_IDENTITY[sdk=iphoneos*]" = "iPhone Developer";
				COPY_PHASE_STRIP = NO;
				DEBUG_INFORMATION_FORMAT = "dwarf-with-dsym";
				ENABLE_NS_ASSERTIONS = NO;
				ENABLE_STRICT_OBJC_MSGSEND = YES;
				GCC_C_LANGUAGE_STANDARD = gnu99;
				GCC_NO_COMMON_BLOCKS = YES;
				GCC_WARN_64_TO_32_BIT_CONVERSION = YES;
				GCC_WARN_ABOUT_RETURN_TYPE = YES_ERROR;
				GCC_WARN_UNDECLARED_SELECTOR = YES;
				GCC_WARN_UNINITIALIZED_AUTOS = YES_AGGRESSIVE;
				GCC_WARN_UNUSED_FUNCTION = YES;
				GCC_WARN_UNUSED_VARIABLE = YES;
				IPHONEOS_DEPLOYMENT_TARGET = 10.0;
				MTL_ENABLE_DEBUG_INFO = NO;
				SDKROOT = iphoneos;
				SWIFT_OPTIMIZATION_LEVEL = "-Owholemodule";
				TARGETED_DEVICE_FAMILY = "1,2";
				VALIDATE_PRODUCT = YES;
			};
			name = Release;
		};
		186159D01D953B3F001E64E3 /* Debug */ = {
			isa = XCBuildConfiguration;
			buildSettings = {
				ASSETCATALOG_COMPILER_APPICON_NAME = AppIcon;
				"CODE_SIGN_IDENTITY[sdk=iphoneos*]" = "iPhone Developer";
				DEVELOPMENT_TEAM = 2B38LY5NSL;
				INFOPLIST_FILE = "PDF Reader/Info.plist";
				IPHONEOS_DEPLOYMENT_TARGET = 9.0;
				LD_RUNPATH_SEARCH_PATHS = "$(inherited) @executable_path/Frameworks";
				PRODUCT_BUNDLE_IDENTIFIER = com.appex.www;
				PRODUCT_NAME = "$(TARGET_NAME)";
				SWIFT_VERSION = 3.0;
				TARGETED_DEVICE_FAMILY = 1;
			};
			name = Debug;
		};
		186159D11D953B3F001E64E3 /* Release */ = {
			isa = XCBuildConfiguration;
			buildSettings = {
				ASSETCATALOG_COMPILER_APPICON_NAME = AppIcon;
				"CODE_SIGN_IDENTITY[sdk=iphoneos*]" = "iPhone Developer";
				DEVELOPMENT_TEAM = 2B38LY5NSL;
				INFOPLIST_FILE = "PDF Reader/Info.plist";
				IPHONEOS_DEPLOYMENT_TARGET = 9.0;
				LD_RUNPATH_SEARCH_PATHS = "$(inherited) @executable_path/Frameworks";
				PRODUCT_BUNDLE_IDENTIFIER = com.appex.www;
				PRODUCT_NAME = "$(TARGET_NAME)";
				SWIFT_VERSION = 3.0;
				TARGETED_DEVICE_FAMILY = 1;
			};
			name = Release;
		};
/* End XCBuildConfiguration section */

/* Begin XCConfigurationList section */
		186159B81D953B3F001E64E3 /* Build configuration list for PBXProject "PDF Reader" */ = {
			isa = XCConfigurationList;
			buildConfigurations = (
				186159CD1D953B3F001E64E3 /* Debug */,
				186159CE1D953B3F001E64E3 /* Release */,
			);
			defaultConfigurationIsVisible = 0;
			defaultConfigurationName = Release;
		};
		186159CF1D953B3F001E64E3 /* Build configuration list for PBXNativeTarget "PDF Reader" */ = {
			isa = XCConfigurationList;
			buildConfigurations = (
				186159D01D953B3F001E64E3 /* Debug */,
				186159D11D953B3F001E64E3 /* Release */,
			);
			defaultConfigurationIsVisible = 0;
			defaultConfigurationName = Release;
		};
/* End XCConfigurationList section */
	};
	rootObject = 186159B51D953B3F001E64E3 /* Project object */;
}
